// !$*UTF8*$!
{
	archiveVersion = 1;
	classes = {
	};
	objectVersion = 46;
	objects = {

/* Begin PBXBuildFile section */
		076EF8555E204B562FC7DB77 /* Pods_ZephyrCookbook.framework in Frameworks */ = {isa = PBXBuildFile; fileRef = CD2DE4B9D96E2AD3C803BAE3 /* Pods_ZephyrCookbook.framework */; };
		6413F300853B0F99E5CCA0F4 /* Pods_ZephyrCookbookTests.framework in Frameworks */ = {isa = PBXBuildFile; fileRef = 5E134B5D42AE3B7642A2562E /* Pods_ZephyrCookbookTests.framework */; };
		72B56C835B7E87F96946774F /* Pods_ZephyrCookbookUITests.framework in Frameworks */ = {isa = PBXBuildFile; fileRef = 1BB4AE084E94F144A67F36B6 /* Pods_ZephyrCookbookUITests.framework */; };
		851D2A411DAE560400CA29A1 /* AYCategoryTableViewController.swift in Sources */ = {isa = PBXBuildFile; fileRef = 851D2A401DAE560400CA29A1 /* AYCategoryTableViewController.swift */; };
		851D2A431DAE5AF000CA29A1 /* AYNavigationController.swift in Sources */ = {isa = PBXBuildFile; fileRef = 851D2A421DAE5AF000CA29A1 /* AYNavigationController.swift */; };
		851D2A451DAE5B6800CA29A1 /* AYTabBarController.swift in Sources */ = {isa = PBXBuildFile; fileRef = 851D2A441DAE5B6800CA29A1 /* AYTabBarController.swift */; };
		851D2A4B1DAE5EAF00CA29A1 /* DaoJia.storyboard in Resources */ = {isa = PBXBuildFile; fileRef = 851D2A4A1DAE5EAF00CA29A1 /* DaoJia.storyboard */; };
		851D2A4D1DAE5F7800CA29A1 /* Discover.storyboard in Resources */ = {isa = PBXBuildFile; fileRef = 851D2A4C1DAE5F7800CA29A1 /* Discover.storyboard */; };
		851D2A511DAE5FCE00CA29A1 /* Profile.storyboard in Resources */ = {isa = PBXBuildFile; fileRef = 851D2A501DAE5FCE00CA29A1 /* Profile.storyboard */; };
		851D2A531DAE600F00CA29A1 /* AYProfileViewController.swift in Sources */ = {isa = PBXBuildFile; fileRef = 851D2A521DAE600F00CA29A1 /* AYProfileViewController.swift */; };
		851D2A551DAE606500CA29A1 /* AYDaoJiaViewController.swift in Sources */ = {isa = PBXBuildFile; fileRef = 851D2A541DAE606500CA29A1 /* AYDaoJiaViewController.swift */; };
		851D2A571DAE608600CA29A1 /* AYDiscoverViewController.swift in Sources */ = {isa = PBXBuildFile; fileRef = 851D2A561DAE608600CA29A1 /* AYDiscoverViewController.swift */; };
		851D2A591DAE61A800CA29A1 /* AYHeaderView.swift in Sources */ = {isa = PBXBuildFile; fileRef = 851D2A581DAE61A800CA29A1 /* AYHeaderView.swift */; };
		856750E41DABEFB700666B0F /* AYHomeViewController.swift in Sources */ = {isa = PBXBuildFile; fileRef = 856750C71DABEFB700666B0F /* AYHomeViewController.swift */; };
		856750E51DABEFB700666B0F /* Home.storyboard in Resources */ = {isa = PBXBuildFile; fileRef = 856750C81DABEFB700666B0F /* Home.storyboard */; };
		856750E61DABEFB700666B0F /* AYBannerData.swift in Sources */ = {isa = PBXBuildFile; fileRef = 856750CA1DABEFB700666B0F /* AYBannerData.swift */; };
		856750E71DABEFB700666B0F /* AYMainData.swift in Sources */ = {isa = PBXBuildFile; fileRef = 856750CB1DABEFB700666B0F /* AYMainData.swift */; };
		856750E81DABEFB700666B0F /* AYMiddleData.swift in Sources */ = {isa = PBXBuildFile; fileRef = 856750CC1DABEFB700666B0F /* AYMiddleData.swift */; };
		856750E91DABEFB700666B0F /* AYTitleData.swift in Sources */ = {isa = PBXBuildFile; fileRef = 856750CD1DABEFB700666B0F /* AYTitleData.swift */; };
		856750EA1DABEFB700666B0F /* AYBannerVM.swift in Sources */ = {isa = PBXBuildFile; fileRef = 856750CF1DABEFB700666B0F /* AYBannerVM.swift */; };
		856750EB1DABEFB700666B0F /* AYCookbookTableView.swift in Sources */ = {isa = PBXBuildFile; fileRef = 856750D01DABEFB700666B0F /* AYCookbookTableView.swift */; };
		856750EC1DABEFB700666B0F /* AYMainScrollView.swift in Sources */ = {isa = PBXBuildFile; fileRef = 856750D11DABEFB700666B0F /* AYMainScrollView.swift */; };
		856750ED1DABEFB700666B0F /* AYMiddleView.swift in Sources */ = {isa = PBXBuildFile; fileRef = 856750D21DABEFB700666B0F /* AYMiddleView.swift */; };
		856750EE1DABEFB700666B0F /* AYPageControl.swift in Sources */ = {isa = PBXBuildFile; fileRef = 856750D31DABEFB700666B0F /* AYPageControl.swift */; };
		856750EF1DABEFB700666B0F /* AYTitleView.swift in Sources */ = {isa = PBXBuildFile; fileRef = 856750D41DABEFB700666B0F /* AYTitleView.swift */; };
		856750F01DABEFB700666B0F /* Main.storyboard in Resources */ = {isa = PBXBuildFile; fileRef = 856750D61DABEFB700666B0F /* Main.storyboard */; };
		856750F11DABEFB700666B0F /* AYNewFeature.storyboard in Resources */ = {isa = PBXBuildFile; fileRef = 856750D81DABEFB700666B0F /* AYNewFeature.storyboard */; };
		856750F21DABEFB700666B0F /* AYNewFeatureViewController.swift in Sources */ = {isa = PBXBuildFile; fileRef = 856750D91DABEFB700666B0F /* AYNewFeatureViewController.swift */; };
		856750F51DABEFB700666B0F /* AYStatusTool.swift in Sources */ = {isa = PBXBuildFile; fileRef = 856750DF1DABEFB700666B0F /* AYStatusTool.swift */; };
		856750F71DABF09C00666B0F /* common.swift in Sources */ = {isa = PBXBuildFile; fileRef = 856750F61DABF09C00666B0F /* common.swift */; };
		856750F91DABF1D400666B0F /* AYNavigationBar.swift in Sources */ = {isa = PBXBuildFile; fileRef = 856750F81DABF1D400666B0F /* AYNavigationBar.swift */; };
		857727EE1DAA24AE00CDC563 /* R.generated.swift in Sources */ = {isa = PBXBuildFile; fileRef = 857727ED1DAA24AE00CDC563 /* R.generated.swift */; };
		85D4E94E1DA9E9420098B2C5 /* AppDelegate.swift in Sources */ = {isa = PBXBuildFile; fileRef = 85D4E94D1DA9E9420098B2C5 /* AppDelegate.swift */; };
		85D4E9581DA9E9420098B2C5 /* LaunchScreen.storyboard in Resources */ = {isa = PBXBuildFile; fileRef = 85D4E9561DA9E9420098B2C5 /* LaunchScreen.storyboard */; };
		85D4E9631DA9E9420098B2C5 /* ZephyrCookbookTests.swift in Sources */ = {isa = PBXBuildFile; fileRef = 85D4E9621DA9E9420098B2C5 /* ZephyrCookbookTests.swift */; };
		85D4E96E1DA9E9420098B2C5 /* ZephyrCookbookUITests.swift in Sources */ = {isa = PBXBuildFile; fileRef = 85D4E96D1DA9E9420098B2C5 /* ZephyrCookbookUITests.swift */; };
		85ED39F51DAD0873003F2ADF /* Assets.xcassets in Resources */ = {isa = PBXBuildFile; fileRef = 85ED39F41DAD0873003F2ADF /* Assets.xcassets */; };
		85ED39F71DAD2EDB003F2ADF /* AYSearchViewController.swift in Sources */ = {isa = PBXBuildFile; fileRef = 85ED39F61DAD2EDB003F2ADF /* AYSearchViewController.swift */; };
		85FE65EA1DAA512F000E93D6 /* status in Resources */ = {isa = PBXBuildFile; fileRef = 85FE65E91DAA512F000E93D6 /* status */; };
/* End PBXBuildFile section */

/* Begin PBXContainerItemProxy section */
		85D4E95F1DA9E9420098B2C5 /* PBXContainerItemProxy */ = {
			isa = PBXContainerItemProxy;
			containerPortal = 85D4E9421DA9E9420098B2C5 /* Project object */;
			proxyType = 1;
			remoteGlobalIDString = 85D4E9491DA9E9420098B2C5;
			remoteInfo = ZephyrCookbook;
		};
		85D4E96A1DA9E9420098B2C5 /* PBXContainerItemProxy */ = {
			isa = PBXContainerItemProxy;
			containerPortal = 85D4E9421DA9E9420098B2C5 /* Project object */;
			proxyType = 1;
			remoteGlobalIDString = 85D4E9491DA9E9420098B2C5;
			remoteInfo = ZephyrCookbook;
		};
/* End PBXContainerItemProxy section */

/* Begin PBXFileReference section */
		0542FA2FEB34CF843958596F /* Pods-ZephyrCookbookUITests.release.xcconfig */ = {isa = PBXFileReference; includeInIndex = 1; lastKnownFileType = text.xcconfig; name = "Pods-ZephyrCookbookUITests.release.xcconfig"; path = "Pods/Target Support Files/Pods-ZephyrCookbookUITests/Pods-ZephyrCookbookUITests.release.xcconfig"; sourceTree = "<group>"; };
		1BB4AE084E94F144A67F36B6 /* Pods_ZephyrCookbookUITests.framework */ = {isa = PBXFileReference; explicitFileType = wrapper.framework; includeInIndex = 0; path = Pods_ZephyrCookbookUITests.framework; sourceTree = BUILT_PRODUCTS_DIR; };
		1FF27C3DFFCA6C7B5CBB9E80 /* Pods-ZephyrCookbookTests.debug.xcconfig */ = {isa = PBXFileReference; includeInIndex = 1; lastKnownFileType = text.xcconfig; name = "Pods-ZephyrCookbookTests.debug.xcconfig"; path = "Pods/Target Support Files/Pods-ZephyrCookbookTests/Pods-ZephyrCookbookTests.debug.xcconfig"; sourceTree = "<group>"; };
		5E134B5D42AE3B7642A2562E /* Pods_ZephyrCookbookTests.framework */ = {isa = PBXFileReference; explicitFileType = wrapper.framework; includeInIndex = 0; path = Pods_ZephyrCookbookTests.framework; sourceTree = BUILT_PRODUCTS_DIR; };
		80F0DDDF182FFE6D227E5C2C /* Pods-ZephyrCookbookUITests.debug.xcconfig */ = {isa = PBXFileReference; includeInIndex = 1; lastKnownFileType = text.xcconfig; name = "Pods-ZephyrCookbookUITests.debug.xcconfig"; path = "Pods/Target Support Files/Pods-ZephyrCookbookUITests/Pods-ZephyrCookbookUITests.debug.xcconfig"; sourceTree = "<group>"; };
		851D2A401DAE560400CA29A1 /* AYCategoryTableViewController.swift */ = {isa = PBXFileReference; fileEncoding = 4; lastKnownFileType = sourcecode.swift; path = AYCategoryTableViewController.swift; sourceTree = "<group>"; };
		851D2A421DAE5AF000CA29A1 /* AYNavigationController.swift */ = {isa = PBXFileReference; fileEncoding = 4; lastKnownFileType = sourcecode.swift; path = AYNavigationController.swift; sourceTree = "<group>"; };
		851D2A441DAE5B6800CA29A1 /* AYTabBarController.swift */ = {isa = PBXFileReference; fileEncoding = 4; lastKnownFileType = sourcecode.swift; path = AYTabBarController.swift; sourceTree = "<group>"; };
		851D2A4A1DAE5EAF00CA29A1 /* DaoJia.storyboard */ = {isa = PBXFileReference; fileEncoding = 4; lastKnownFileType = file.storyboard; path = DaoJia.storyboard; sourceTree = "<group>"; };
		851D2A4C1DAE5F7800CA29A1 /* Discover.storyboard */ = {isa = PBXFileReference; fileEncoding = 4; lastKnownFileType = file.storyboard; name = Discover.storyboard; path = ZephyrCookbook/Classes/Discover/Discover.storyboard; sourceTree = SOURCE_ROOT; };
		851D2A501DAE5FCE00CA29A1 /* Profile.storyboard */ = {isa = PBXFileReference; fileEncoding = 4; lastKnownFileType = file.storyboard; path = Profile.storyboard; sourceTree = "<group>"; };
		851D2A521DAE600F00CA29A1 /* AYProfileViewController.swift */ = {isa = PBXFileReference; fileEncoding = 4; lastKnownFileType = sourcecode.swift; path = AYProfileViewController.swift; sourceTree = "<group>"; };
		851D2A541DAE606500CA29A1 /* AYDaoJiaViewController.swift */ = {isa = PBXFileReference; fileEncoding = 4; lastKnownFileType = sourcecode.swift; path = AYDaoJiaViewController.swift; sourceTree = "<group>"; };
		851D2A561DAE608600CA29A1 /* AYDiscoverViewController.swift */ = {isa = PBXFileReference; fileEncoding = 4; lastKnownFileType = sourcecode.swift; path = AYDiscoverViewController.swift; sourceTree = "<group>"; };
		851D2A581DAE61A800CA29A1 /* AYHeaderView.swift */ = {isa = PBXFileReference; fileEncoding = 4; lastKnownFileType = sourcecode.swift; path = AYHeaderView.swift; sourceTree = "<group>"; };
		856750C71DABEFB700666B0F /* AYHomeViewController.swift */ = {isa = PBXFileReference; fileEncoding = 4; lastKnownFileType = sourcecode.swift; path = AYHomeViewController.swift; sourceTree = "<group>"; };
		856750C81DABEFB700666B0F /* Home.storyboard */ = {isa = PBXFileReference; fileEncoding = 4; lastKnownFileType = file.storyboard; path = Home.storyboard; sourceTree = "<group>"; };
		856750CA1DABEFB700666B0F /* AYBannerData.swift */ = {isa = PBXFileReference; fileEncoding = 4; lastKnownFileType = sourcecode.swift; path = AYBannerData.swift; sourceTree = "<group>"; };
		856750CB1DABEFB700666B0F /* AYMainData.swift */ = {isa = PBXFileReference; fileEncoding = 4; lastKnownFileType = sourcecode.swift; path = AYMainData.swift; sourceTree = "<group>"; };
		856750CC1DABEFB700666B0F /* AYMiddleData.swift */ = {isa = PBXFileReference; fileEncoding = 4; lastKnownFileType = sourcecode.swift; path = AYMiddleData.swift; sourceTree = "<group>"; };
		856750CD1DABEFB700666B0F /* AYTitleData.swift */ = {isa = PBXFileReference; fileEncoding = 4; lastKnownFileType = sourcecode.swift; path = AYTitleData.swift; sourceTree = "<group>"; };
		856750CF1DABEFB700666B0F /* AYBannerVM.swift */ = {isa = PBXFileReference; fileEncoding = 4; lastKnownFileType = sourcecode.swift; path = AYBannerVM.swift; sourceTree = "<group>"; };
		856750D01DABEFB700666B0F /* AYCookbookTableView.swift */ = {isa = PBXFileReference; fileEncoding = 4; lastKnownFileType = sourcecode.swift; path = AYCookbookTableView.swift; sourceTree = "<group>"; };
		856750D11DABEFB700666B0F /* AYMainScrollView.swift */ = {isa = PBXFileReference; fileEncoding = 4; lastKnownFileType = sourcecode.swift; path = AYMainScrollView.swift; sourceTree = "<group>"; };
		856750D21DABEFB700666B0F /* AYMiddleView.swift */ = {isa = PBXFileReference; fileEncoding = 4; lastKnownFileType = sourcecode.swift; path = AYMiddleView.swift; sourceTree = "<group>"; };
		856750D31DABEFB700666B0F /* AYPageControl.swift */ = {isa = PBXFileReference; fileEncoding = 4; lastKnownFileType = sourcecode.swift; path = AYPageControl.swift; sourceTree = "<group>"; };
		856750D41DABEFB700666B0F /* AYTitleView.swift */ = {isa = PBXFileReference; fileEncoding = 4; lastKnownFileType = sourcecode.swift; path = AYTitleView.swift; sourceTree = "<group>"; };
		856750D61DABEFB700666B0F /* Main.storyboard */ = {isa = PBXFileReference; fileEncoding = 4; lastKnownFileType = file.storyboard; path = Main.storyboard; sourceTree = "<group>"; };
		856750D81DABEFB700666B0F /* AYNewFeature.storyboard */ = {isa = PBXFileReference; fileEncoding = 4; lastKnownFileType = file.storyboard; path = AYNewFeature.storyboard; sourceTree = "<group>"; };
		856750D91DABEFB700666B0F /* AYNewFeatureViewController.swift */ = {isa = PBXFileReference; fileEncoding = 4; lastKnownFileType = sourcecode.swift; path = AYNewFeatureViewController.swift; sourceTree = "<group>"; };
		856750DF1DABEFB700666B0F /* AYStatusTool.swift */ = {isa = PBXFileReference; fileEncoding = 4; lastKnownFileType = sourcecode.swift; path = AYStatusTool.swift; sourceTree = "<group>"; };
		856750F61DABF09C00666B0F /* common.swift */ = {isa = PBXFileReference; fileEncoding = 4; lastKnownFileType = sourcecode.swift; name = common.swift; path = ../common.swift; sourceTree = "<group>"; };
		856750F81DABF1D400666B0F /* AYNavigationBar.swift */ = {isa = PBXFileReference; fileEncoding = 4; lastKnownFileType = sourcecode.swift; path = AYNavigationBar.swift; sourceTree = "<group>"; };
		857727ED1DAA24AE00CDC563 /* R.generated.swift */ = {isa = PBXFileReference; fileEncoding = 4; lastKnownFileType = sourcecode.swift; path = R.generated.swift; sourceTree = "<group>"; };
		85D4E94A1DA9E9420098B2C5 /* ZephyrCookbook.app */ = {isa = PBXFileReference; explicitFileType = wrapper.application; includeInIndex = 0; path = ZephyrCookbook.app; sourceTree = BUILT_PRODUCTS_DIR; };
		85D4E94D1DA9E9420098B2C5 /* AppDelegate.swift */ = {isa = PBXFileReference; lastKnownFileType = sourcecode.swift; path = AppDelegate.swift; sourceTree = "<group>"; };
		85D4E9571DA9E9420098B2C5 /* Base */ = {isa = PBXFileReference; lastKnownFileType = file.storyboard; name = Base; path = Base.lproj/LaunchScreen.storyboard; sourceTree = "<group>"; };
		85D4E9591DA9E9420098B2C5 /* Info.plist */ = {isa = PBXFileReference; lastKnownFileType = text.plist.xml; path = Info.plist; sourceTree = "<group>"; };
		85D4E95E1DA9E9420098B2C5 /* ZephyrCookbookTests.xctest */ = {isa = PBXFileReference; explicitFileType = wrapper.cfbundle; includeInIndex = 0; path = ZephyrCookbookTests.xctest; sourceTree = BUILT_PRODUCTS_DIR; };
		85D4E9621DA9E9420098B2C5 /* ZephyrCookbookTests.swift */ = {isa = PBXFileReference; lastKnownFileType = sourcecode.swift; path = ZephyrCookbookTests.swift; sourceTree = "<group>"; };
		85D4E9641DA9E9420098B2C5 /* Info.plist */ = {isa = PBXFileReference; lastKnownFileType = text.plist.xml; path = Info.plist; sourceTree = "<group>"; };
		85D4E9691DA9E9420098B2C5 /* ZephyrCookbookUITests.xctest */ = {isa = PBXFileReference; explicitFileType = wrapper.cfbundle; includeInIndex = 0; path = ZephyrCookbookUITests.xctest; sourceTree = BUILT_PRODUCTS_DIR; };
		85D4E96D1DA9E9420098B2C5 /* ZephyrCookbookUITests.swift */ = {isa = PBXFileReference; lastKnownFileType = sourcecode.swift; path = ZephyrCookbookUITests.swift; sourceTree = "<group>"; };
		85D4E96F1DA9E9420098B2C5 /* Info.plist */ = {isa = PBXFileReference; lastKnownFileType = text.plist.xml; path = Info.plist; sourceTree = "<group>"; };
		85ED39F41DAD0873003F2ADF /* Assets.xcassets */ = {isa = PBXFileReference; lastKnownFileType = folder.assetcatalog; path = Assets.xcassets; sourceTree = "<group>"; };
		85ED39F61DAD2EDB003F2ADF /* AYSearchViewController.swift */ = {isa = PBXFileReference; fileEncoding = 4; lastKnownFileType = sourcecode.swift; path = AYSearchViewController.swift; sourceTree = "<group>"; };
		85FE65E91DAA512F000E93D6 /* status */ = {isa = PBXFileReference; fileEncoding = 4; lastKnownFileType = text; path = status; sourceTree = "<group>"; };
		A1CFAB8B235186BB2FEAAB16 /* Pods-ZephyrCookbookTests.release.xcconfig */ = {isa = PBXFileReference; includeInIndex = 1; lastKnownFileType = text.xcconfig; name = "Pods-ZephyrCookbookTests.release.xcconfig"; path = "Pods/Target Support Files/Pods-ZephyrCookbookTests/Pods-ZephyrCookbookTests.release.xcconfig"; sourceTree = "<group>"; };
		B234065BDA11F59FCEE75769 /* Pods-ZephyrCookbook.release.xcconfig */ = {isa = PBXFileReference; includeInIndex = 1; lastKnownFileType = text.xcconfig; name = "Pods-ZephyrCookbook.release.xcconfig"; path = "Pods/Target Support Files/Pods-ZephyrCookbook/Pods-ZephyrCookbook.release.xcconfig"; sourceTree = "<group>"; };
		C24600A4C63B09C14F2A71D5 /* Pods-ZephyrCookbook.debug.xcconfig */ = {isa = PBXFileReference; includeInIndex = 1; lastKnownFileType = text.xcconfig; name = "Pods-ZephyrCookbook.debug.xcconfig"; path = "Pods/Target Support Files/Pods-ZephyrCookbook/Pods-ZephyrCookbook.debug.xcconfig"; sourceTree = "<group>"; };
		CD2DE4B9D96E2AD3C803BAE3 /* Pods_ZephyrCookbook.framework */ = {isa = PBXFileReference; explicitFileType = wrapper.framework; includeInIndex = 0; path = Pods_ZephyrCookbook.framework; sourceTree = BUILT_PRODUCTS_DIR; };
/* End PBXFileReference section */

/* Begin PBXFrameworksBuildPhase section */
		85D4E9471DA9E9420098B2C5 /* Frameworks */ = {
			isa = PBXFrameworksBuildPhase;
			buildActionMask = 2147483647;
			files = (
				076EF8555E204B562FC7DB77 /* Pods_ZephyrCookbook.framework in Frameworks */,
			);
			runOnlyForDeploymentPostprocessing = 0;
		};
		85D4E95B1DA9E9420098B2C5 /* Frameworks */ = {
			isa = PBXFrameworksBuildPhase;
			buildActionMask = 2147483647;
			files = (
				6413F300853B0F99E5CCA0F4 /* Pods_ZephyrCookbookTests.framework in Frameworks */,
			);
			runOnlyForDeploymentPostprocessing = 0;
		};
		85D4E9661DA9E9420098B2C5 /* Frameworks */ = {
			isa = PBXFrameworksBuildPhase;
			buildActionMask = 2147483647;
			files = (
				72B56C835B7E87F96946774F /* Pods_ZephyrCookbookUITests.framework in Frameworks */,
			);
			runOnlyForDeploymentPostprocessing = 0;
		};
/* End PBXFrameworksBuildPhase section */

/* Begin PBXGroup section */
		5CD7DF2CC61317D60B26B07E /* Frameworks */ = {
			isa = PBXGroup;
			children = (
				CD2DE4B9D96E2AD3C803BAE3 /* Pods_ZephyrCookbook.framework */,
				5E134B5D42AE3B7642A2562E /* Pods_ZephyrCookbookTests.framework */,
				1BB4AE084E94F144A67F36B6 /* Pods_ZephyrCookbookUITests.framework */,
			);
			name = Frameworks;
			sourceTree = "<group>";
		};
		851D2A3D1DAE4B3600CA29A1 /* Category */ = {
			isa = PBXGroup;
			children = (
				856750F61DABF09C00666B0F /* common.swift */,
			);
			name = Category;
			sourceTree = "<group>";
		};
		853BCAA91DA9FF59008775EB /* Resource */ = {
			isa = PBXGroup;
			children = (
			);
			name = Resource;
			sourceTree = "<group>";
		};
		856750BD1DABEFB700666B0F /* Classes */ = {
			isa = PBXGroup;
			children = (
				851D2A3D1DAE4B3600CA29A1 /* Category */,
				856750BE1DABEFB700666B0F /* DaoJia */,
				856750C11DABEFB700666B0F /* Discover */,
				856750C51DABEFB700666B0F /* Home */,
				856750D51DABEFB700666B0F /* Main */,
				856750D71DABEFB700666B0F /* NewFeature */,
				856750DA1DABEFB700666B0F /* Other */,
				856750DB1DABEFB700666B0F /* Profile */,
				856750DE1DABEFB700666B0F /* Tools */,
			);
			path = Classes;
			sourceTree = "<group>";
		};
		856750BE1DABEFB700666B0F /* DaoJia */ = {
			isa = PBXGroup;
			children = (
				851D2A4A1DAE5EAF00CA29A1 /* DaoJia.storyboard */,
				851D2A541DAE606500CA29A1 /* AYDaoJiaViewController.swift */,
			);
			path = DaoJia;
			sourceTree = "<group>";
		};
		856750C11DABEFB700666B0F /* Discover */ = {
			isa = PBXGroup;
			children = (
				851D2A4C1DAE5F7800CA29A1 /* Discover.storyboard */,
				851D2A561DAE608600CA29A1 /* AYDiscoverViewController.swift */,
			);
			path = Discover;
			sourceTree = "<group>";
		};
		856750C51DABEFB700666B0F /* Home */ = {
			isa = PBXGroup;
			children = (
				856750C61DABEFB700666B0F /* Controller */,
				856750C91DABEFB700666B0F /* Model */,
				856750CE1DABEFB700666B0F /* View */,
			);
			path = Home;
			sourceTree = "<group>";
		};
		856750C61DABEFB700666B0F /* Controller */ = {
			isa = PBXGroup;
			children = (
				856750C71DABEFB700666B0F /* AYHomeViewController.swift */,
				856750C81DABEFB700666B0F /* Home.storyboard */,
				85ED39F61DAD2EDB003F2ADF /* AYSearchViewController.swift */,
				851D2A401DAE560400CA29A1 /* AYCategoryTableViewController.swift */,
			);
			path = Controller;
			sourceTree = "<group>";
		};
		856750C91DABEFB700666B0F /* Model */ = {
			isa = PBXGroup;
			children = (
				856750CA1DABEFB700666B0F /* AYBannerData.swift */,
				856750CB1DABEFB700666B0F /* AYMainData.swift */,
				856750CC1DABEFB700666B0F /* AYMiddleData.swift */,
				856750CD1DABEFB700666B0F /* AYTitleData.swift */,
			);
			path = Model;
			sourceTree = "<group>";
		};
		856750CE1DABEFB700666B0F /* View */ = {
			isa = PBXGroup;
			children = (
				856750CF1DABEFB700666B0F /* AYBannerVM.swift */,
				856750D01DABEFB700666B0F /* AYCookbookTableView.swift */,
				856750D11DABEFB700666B0F /* AYMainScrollView.swift */,
				856750D41DABEFB700666B0F /* AYTitleView.swift */,
				856750D21DABEFB700666B0F /* AYMiddleView.swift */,
				856750D31DABEFB700666B0F /* AYPageControl.swift */,
				856750F81DABF1D400666B0F /* AYNavigationBar.swift */,
			);
			path = View;
			sourceTree = "<group>";
		};
		856750D51DABEFB700666B0F /* Main */ = {
			isa = PBXGroup;
			children = (
				856750D61DABEFB700666B0F /* Main.storyboard */,
				851D2A421DAE5AF000CA29A1 /* AYNavigationController.swift */,
				851D2A441DAE5B6800CA29A1 /* AYTabBarController.swift */,
			);
			path = Main;
			sourceTree = "<group>";
		};
		856750D71DABEFB700666B0F /* NewFeature */ = {
			isa = PBXGroup;
			children = (
				856750D81DABEFB700666B0F /* AYNewFeature.storyboard */,
				856750D91DABEFB700666B0F /* AYNewFeatureViewController.swift */,
			);
			path = NewFeature;
			sourceTree = "<group>";
		};
		856750DA1DABEFB700666B0F /* Other */ = {
			isa = PBXGroup;
			children = (
			);
			path = Other;
			sourceTree = "<group>";
		};
		856750DB1DABEFB700666B0F /* Profile */ = {
			isa = PBXGroup;
			children = (
				851D2A501DAE5FCE00CA29A1 /* Profile.storyboard */,
				851D2A521DAE600F00CA29A1 /* AYProfileViewController.swift */,
				851D2A581DAE61A800CA29A1 /* AYHeaderView.swift */,
			);
			path = Profile;
			sourceTree = "<group>";
		};
		856750DE1DABEFB700666B0F /* Tools */ = {
			isa = PBXGroup;
			children = (
				856750DF1DABEFB700666B0F /* AYStatusTool.swift */,
			);
			path = Tools;
			sourceTree = "<group>";
		};
		85D4E9411DA9E9420098B2C5 = {
			isa = PBXGroup;
			children = (
				85D4E94C1DA9E9420098B2C5 /* ZephyrCookbook */,
				85D4E9611DA9E9420098B2C5 /* ZephyrCookbookTests */,
				85D4E96C1DA9E9420098B2C5 /* ZephyrCookbookUITests */,
				85D4E94B1DA9E9420098B2C5 /* Products */,
				96A0E48C31BCF50BCE801E84 /* Pods */,
				5CD7DF2CC61317D60B26B07E /* Frameworks */,
			);
			sourceTree = "<group>";
		};
		85D4E94B1DA9E9420098B2C5 /* Products */ = {
			isa = PBXGroup;
			children = (
				85D4E94A1DA9E9420098B2C5 /* ZephyrCookbook.app */,
				85D4E95E1DA9E9420098B2C5 /* ZephyrCookbookTests.xctest */,
				85D4E9691DA9E9420098B2C5 /* ZephyrCookbookUITests.xctest */,
			);
			name = Products;
			sourceTree = "<group>";
		};
		85D4E94C1DA9E9420098B2C5 /* ZephyrCookbook */ = {
			isa = PBXGroup;
			children = (
				856750BD1DABEFB700666B0F /* Classes */,
				85D4E94D1DA9E9420098B2C5 /* AppDelegate.swift */,
				85D4E9561DA9E9420098B2C5 /* LaunchScreen.storyboard */,
				857727ED1DAA24AE00CDC563 /* R.generated.swift */,
				85ED39F41DAD0873003F2ADF /* Assets.xcassets */,
				85D4E9591DA9E9420098B2C5 /* Info.plist */,
				85FE65E91DAA512F000E93D6 /* status */,
				853BCAA91DA9FF59008775EB /* Resource */,
			);
			path = ZephyrCookbook;
			sourceTree = "<group>";
		};
		85D4E9611DA9E9420098B2C5 /* ZephyrCookbookTests */ = {
			isa = PBXGroup;
			children = (
				85D4E9621DA9E9420098B2C5 /* ZephyrCookbookTests.swift */,
				85D4E9641DA9E9420098B2C5 /* Info.plist */,
			);
			path = ZephyrCookbookTests;
			sourceTree = "<group>";
		};
		85D4E96C1DA9E9420098B2C5 /* ZephyrCookbookUITests */ = {
			isa = PBXGroup;
			children = (
				85D4E96D1DA9E9420098B2C5 /* ZephyrCookbookUITests.swift */,
				85D4E96F1DA9E9420098B2C5 /* Info.plist */,
			);
			path = ZephyrCookbookUITests;
			sourceTree = "<group>";
		};
		96A0E48C31BCF50BCE801E84 /* Pods */ = {
			isa = PBXGroup;
			children = (
				C24600A4C63B09C14F2A71D5 /* Pods-ZephyrCookbook.debug.xcconfig */,
				B234065BDA11F59FCEE75769 /* Pods-ZephyrCookbook.release.xcconfig */,
				1FF27C3DFFCA6C7B5CBB9E80 /* Pods-ZephyrCookbookTests.debug.xcconfig */,
				A1CFAB8B235186BB2FEAAB16 /* Pods-ZephyrCookbookTests.release.xcconfig */,
				80F0DDDF182FFE6D227E5C2C /* Pods-ZephyrCookbookUITests.debug.xcconfig */,
				0542FA2FEB34CF843958596F /* Pods-ZephyrCookbookUITests.release.xcconfig */,
			);
			name = Pods;
			sourceTree = "<group>";
		};
/* End PBXGroup section */

/* Begin PBXNativeTarget section */
		85D4E9491DA9E9420098B2C5 /* ZephyrCookbook */ = {
			isa = PBXNativeTarget;
			buildConfigurationList = 85D4E9721DA9E9420098B2C5 /* Build configuration list for PBXNativeTarget "ZephyrCookbook" */;
			buildPhases = (
				1D01805BA485D1BC35DB85BB /* [CP] Check Pods Manifest.lock */,
				857727EC1DAA245F00CDC563 /* ShellScript */,
				85D4E9461DA9E9420098B2C5 /* Sources */,
				85D4E9471DA9E9420098B2C5 /* Frameworks */,
				85D4E9481DA9E9420098B2C5 /* Resources */,
				5DBA5379EDD31805CD985C9A /* [CP] Embed Pods Frameworks */,
				69BE4C35F1CB6487CC6E9CC2 /* [CP] Copy Pods Resources */,
			);
			buildRules = (
			);
			dependencies = (
			);
			name = ZephyrCookbook;
			productName = ZephyrCookbook;
			productReference = 85D4E94A1DA9E9420098B2C5 /* ZephyrCookbook.app */;
			productType = "com.apple.product-type.application";
		};
		85D4E95D1DA9E9420098B2C5 /* ZephyrCookbookTests */ = {
			isa = PBXNativeTarget;
			buildConfigurationList = 85D4E9751DA9E9420098B2C5 /* Build configuration list for PBXNativeTarget "ZephyrCookbookTests" */;
			buildPhases = (
				E9D515696652817AF5864176 /* [CP] Check Pods Manifest.lock */,
				85D4E95A1DA9E9420098B2C5 /* Sources */,
				85D4E95B1DA9E9420098B2C5 /* Frameworks */,
				85D4E95C1DA9E9420098B2C5 /* Resources */,
				33F0D03D94526F63F6800487 /* [CP] Embed Pods Frameworks */,
				85F321B535386B6B37132477 /* [CP] Copy Pods Resources */,
			);
			buildRules = (
			);
			dependencies = (
				85D4E9601DA9E9420098B2C5 /* PBXTargetDependency */,
			);
			name = ZephyrCookbookTests;
			productName = ZephyrCookbookTests;
			productReference = 85D4E95E1DA9E9420098B2C5 /* ZephyrCookbookTests.xctest */;
			productType = "com.apple.product-type.bundle.unit-test";
		};
		85D4E9681DA9E9420098B2C5 /* ZephyrCookbookUITests */ = {
			isa = PBXNativeTarget;
			buildConfigurationList = 85D4E9781DA9E9420098B2C5 /* Build configuration list for PBXNativeTarget "ZephyrCookbookUITests" */;
			buildPhases = (
				8B8054551EA0E29C353AE15F /* [CP] Check Pods Manifest.lock */,
				85D4E9651DA9E9420098B2C5 /* Sources */,
				85D4E9661DA9E9420098B2C5 /* Frameworks */,
				85D4E9671DA9E9420098B2C5 /* Resources */,
				20B5DE559B9217C022B17517 /* [CP] Copy Pods Resources */,
			);
			buildRules = (
			);
			dependencies = (
				85D4E96B1DA9E9420098B2C5 /* PBXTargetDependency */,
			);
			name = ZephyrCookbookUITests;
			productName = ZephyrCookbookUITests;
			productReference = 85D4E9691DA9E9420098B2C5 /* ZephyrCookbookUITests.xctest */;
			productType = "com.apple.product-type.bundle.ui-testing";
		};
/* End PBXNativeTarget section */

/* Begin PBXProject section */
		85D4E9421DA9E9420098B2C5 /* Project object */ = {
			isa = PBXProject;
			attributes = {
				CLASSPREFIX = AY;
				LastSwiftUpdateCheck = 0800;
				LastUpgradeCheck = 0800;
				ORGANIZATIONNAME = Zephyr;
				TargetAttributes = {
					85D4E9491DA9E9420098B2C5 = {
						CreatedOnToolsVersion = 8.0;
						DevelopmentTeam = L8U2X9926F;
						LastSwiftMigration = 0800;
						ProvisioningStyle = Automatic;
					};
					85D4E95D1DA9E9420098B2C5 = {
						CreatedOnToolsVersion = 8.0;
						DevelopmentTeam = L8U2X9926F;
						LastSwiftMigration = 0800;
						ProvisioningStyle = Automatic;
						TestTargetID = 85D4E9491DA9E9420098B2C5;
					};
					85D4E9681DA9E9420098B2C5 = {
						CreatedOnToolsVersion = 8.0;
						DevelopmentTeam = L8U2X9926F;
						LastSwiftMigration = 0800;
						ProvisioningStyle = Automatic;
						TestTargetID = 85D4E9491DA9E9420098B2C5;
					};
				};
			};
			buildConfigurationList = 85D4E9451DA9E9420098B2C5 /* Build configuration list for PBXProject "ZephyrCookbook" */;
			compatibilityVersion = "Xcode 3.2";
			developmentRegion = English;
			hasScannedForEncodings = 0;
			knownRegions = (
				en,
				Base,
			);
			mainGroup = 85D4E9411DA9E9420098B2C5;
			productRefGroup = 85D4E94B1DA9E9420098B2C5 /* Products */;
			projectDirPath = "";
			projectRoot = "";
			targets = (
				85D4E9491DA9E9420098B2C5 /* ZephyrCookbook */,
				85D4E95D1DA9E9420098B2C5 /* ZephyrCookbookTests */,
				85D4E9681DA9E9420098B2C5 /* ZephyrCookbookUITests */,
			);
		};
/* End PBXProject section */

/* Begin PBXResourcesBuildPhase section */
		85D4E9481DA9E9420098B2C5 /* Resources */ = {
			isa = PBXResourcesBuildPhase;
			buildActionMask = 2147483647;
			files = (
				851D2A4B1DAE5EAF00CA29A1 /* DaoJia.storyboard in Resources */,
				851D2A4D1DAE5F7800CA29A1 /* Discover.storyboard in Resources */,
				851D2A511DAE5FCE00CA29A1 /* Profile.storyboard in Resources */,
				856750F11DABEFB700666B0F /* AYNewFeature.storyboard in Resources */,
				85FE65EA1DAA512F000E93D6 /* status in Resources */,
				85D4E9581DA9E9420098B2C5 /* LaunchScreen.storyboard in Resources */,
				856750F01DABEFB700666B0F /* Main.storyboard in Resources */,
				85ED39F51DAD0873003F2ADF /* Assets.xcassets in Resources */,
				856750E51DABEFB700666B0F /* Home.storyboard in Resources */,
			);
			runOnlyForDeploymentPostprocessing = 0;
		};
		85D4E95C1DA9E9420098B2C5 /* Resources */ = {
			isa = PBXResourcesBuildPhase;
			buildActionMask = 2147483647;
			files = (
			);
			runOnlyForDeploymentPostprocessing = 0;
		};
		85D4E9671DA9E9420098B2C5 /* Resources */ = {
			isa = PBXResourcesBuildPhase;
			buildActionMask = 2147483647;
			files = (
			);
			runOnlyForDeploymentPostprocessing = 0;
		};
/* End PBXResourcesBuildPhase section */

/* Begin PBXShellScriptBuildPhase section */
		1D01805BA485D1BC35DB85BB /* [CP] Check Pods Manifest.lock */ = {
			isa = PBXShellScriptBuildPhase;
			buildActionMask = 2147483647;
			files = (
			);
			inputPaths = (
			);
			name = "[CP] Check Pods Manifest.lock";
			outputPaths = (
			);
			runOnlyForDeploymentPostprocessing = 0;
			shellPath = /bin/sh;
			shellScript = "diff \"${PODS_ROOT}/../Podfile.lock\" \"${PODS_ROOT}/Manifest.lock\" > /dev/null\nif [[ $? != 0 ]] ; then\n    cat << EOM\nerror: The sandbox is not in sync with the Podfile.lock. Run 'pod install' or update your CocoaPods installation.\nEOM\n    exit 1\nfi\n";
			showEnvVarsInLog = 0;
		};
		20B5DE559B9217C022B17517 /* [CP] Copy Pods Resources */ = {
			isa = PBXShellScriptBuildPhase;
			buildActionMask = 2147483647;
			files = (
			);
			inputPaths = (
			);
			name = "[CP] Copy Pods Resources";
			outputPaths = (
			);
			runOnlyForDeploymentPostprocessing = 0;
			shellPath = /bin/sh;
			shellScript = "\"${SRCROOT}/Pods/Target Support Files/Pods-ZephyrCookbookUITests/Pods-ZephyrCookbookUITests-resources.sh\"\n";
			showEnvVarsInLog = 0;
		};
		33F0D03D94526F63F6800487 /* [CP] Embed Pods Frameworks */ = {
			isa = PBXShellScriptBuildPhase;
			buildActionMask = 2147483647;
			files = (
			);
			inputPaths = (
			);
			name = "[CP] Embed Pods Frameworks";
			outputPaths = (
			);
			runOnlyForDeploymentPostprocessing = 0;
			shellPath = /bin/sh;
			shellScript = "\"${SRCROOT}/Pods/Target Support Files/Pods-ZephyrCookbookTests/Pods-ZephyrCookbookTests-frameworks.sh\"\n";
			showEnvVarsInLog = 0;
		};
		5DBA5379EDD31805CD985C9A /* [CP] Embed Pods Frameworks */ = {
			isa = PBXShellScriptBuildPhase;
			buildActionMask = 2147483647;
			files = (
			);
			inputPaths = (
			);
			name = "[CP] Embed Pods Frameworks";
			outputPaths = (
			);
			runOnlyForDeploymentPostprocessing = 0;
			shellPath = /bin/sh;
			shellScript = "\"${SRCROOT}/Pods/Target Support Files/Pods-ZephyrCookbook/Pods-ZephyrCookbook-frameworks.sh\"\n";
			showEnvVarsInLog = 0;
		};
		69BE4C35F1CB6487CC6E9CC2 /* [CP] Copy Pods Resources */ = {
			isa = PBXShellScriptBuildPhase;
			buildActionMask = 2147483647;
			files = (
			);
			inputPaths = (
			);
			name = "[CP] Copy Pods Resources";
			outputPaths = (
			);
			runOnlyForDeploymentPostprocessing = 0;
			shellPath = /bin/sh;
			shellScript = "\"${SRCROOT}/Pods/Target Support Files/Pods-ZephyrCookbook/Pods-ZephyrCookbook-resources.sh\"\n";
			showEnvVarsInLog = 0;
		};
		857727EC1DAA245F00CDC563 /* ShellScript */ = {
			isa = PBXShellScriptBuildPhase;
			buildActionMask = 2147483647;
			files = (
			);
			inputPaths = (
			);
			outputPaths = (
			);
			runOnlyForDeploymentPostprocessing = 0;
			shellPath = /bin/sh;
			shellScript = "\"$PODS_ROOT/R.swift/rswift\" \"$SRCROOT\"";
		};
		85F321B535386B6B37132477 /* [CP] Copy Pods Resources */ = {
			isa = PBXShellScriptBuildPhase;
			buildActionMask = 2147483647;
			files = (
			);
			inputPaths = (
			);
			name = "[CP] Copy Pods Resources";
			outputPaths = (
			);
			runOnlyForDeploymentPostprocessing = 0;
			shellPath = /bin/sh;
			shellScript = "\"${SRCROOT}/Pods/Target Support Files/Pods-ZephyrCookbookTests/Pods-ZephyrCookbookTests-resources.sh\"\n";
			showEnvVarsInLog = 0;
		};
		8B8054551EA0E29C353AE15F /* [CP] Check Pods Manifest.lock */ = {
			isa = PBXShellScriptBuildPhase;
			buildActionMask = 2147483647;
			files = (
			);
			inputPaths = (
			);
			name = "[CP] Check Pods Manifest.lock";
			outputPaths = (
			);
			runOnlyForDeploymentPostprocessing = 0;
			shellPath = /bin/sh;
			shellScript = "diff \"${PODS_ROOT}/../Podfile.lock\" \"${PODS_ROOT}/Manifest.lock\" > /dev/null\nif [[ $? != 0 ]] ; then\n    cat << EOM\nerror: The sandbox is not in sync with the Podfile.lock. Run 'pod install' or update your CocoaPods installation.\nEOM\n    exit 1\nfi\n";
			showEnvVarsInLog = 0;
		};
		E9D515696652817AF5864176 /* [CP] Check Pods Manifest.lock */ = {
			isa = PBXShellScriptBuildPhase;
			buildActionMask = 2147483647;
			files = (
			);
			inputPaths = (
			);
			name = "[CP] Check Pods Manifest.lock";
			outputPaths = (
			);
			runOnlyForDeploymentPostprocessing = 0;
			shellPath = /bin/sh;
			shellScript = "diff \"${PODS_ROOT}/../Podfile.lock\" \"${PODS_ROOT}/Manifest.lock\" > /dev/null\nif [[ $? != 0 ]] ; then\n    cat << EOM\nerror: The sandbox is not in sync with the Podfile.lock. Run 'pod install' or update your CocoaPods installation.\nEOM\n    exit 1\nfi\n";
			showEnvVarsInLog = 0;
		};
/* End PBXShellScriptBuildPhase section */

/* Begin PBXSourcesBuildPhase section */
		85D4E9461DA9E9420098B2C5 /* Sources */ = {
			isa = PBXSourcesBuildPhase;
			buildActionMask = 2147483647;
			files = (
				851D2A591DAE61A800CA29A1 /* AYHeaderView.swift in Sources */,
				856750F91DABF1D400666B0F /* AYNavigationBar.swift in Sources */,
				851D2A571DAE608600CA29A1 /* AYDiscoverViewController.swift in Sources */,
				851D2A411DAE560400CA29A1 /* AYCategoryTableViewController.swift in Sources */,
				856750F71DABF09C00666B0F /* common.swift in Sources */,
				851D2A531DAE600F00CA29A1 /* AYProfileViewController.swift in Sources */,
				856750F51DABEFB700666B0F /* AYStatusTool.swift in Sources */,
				856750E81DABEFB700666B0F /* AYMiddleData.swift in Sources */,
				85D4E94E1DA9E9420098B2C5 /* AppDelegate.swift in Sources */,
				856750F21DABEFB700666B0F /* AYNewFeatureViewController.swift in Sources */,
				857727EE1DAA24AE00CDC563 /* R.generated.swift in Sources */,
				856750E71DABEFB700666B0F /* AYMainData.swift in Sources */,
				856750E91DABEFB700666B0F /* AYTitleData.swift in Sources */,
				856750EB1DABEFB700666B0F /* AYCookbookTableView.swift in Sources */,
				856750E41DABEFB700666B0F /* AYHomeViewController.swift in Sources */,
				851D2A551DAE606500CA29A1 /* AYDaoJiaViewController.swift in Sources */,
				851D2A451DAE5B6800CA29A1 /* AYTabBarController.swift in Sources */,
				856750EA1DABEFB700666B0F /* AYBannerVM.swift in Sources */,
				856750ED1DABEFB700666B0F /* AYMiddleView.swift in Sources */,
				856750EF1DABEFB700666B0F /* AYTitleView.swift in Sources */,
				856750EC1DABEFB700666B0F /* AYMainScrollView.swift in Sources */,
				856750EE1DABEFB700666B0F /* AYPageControl.swift in Sources */,
				85ED39F71DAD2EDB003F2ADF /* AYSearchViewController.swift in Sources */,
				856750E61DABEFB700666B0F /* AYBannerData.swift in Sources */,
				851D2A431DAE5AF000CA29A1 /* AYNavigationController.swift in Sources */,
			);
			runOnlyForDeploymentPostprocessing = 0;
		};
		85D4E95A1DA9E9420098B2C5 /* Sources */ = {
			isa = PBXSourcesBuildPhase;
			buildActionMask = 2147483647;
			files = (
				85D4E9631DA9E9420098B2C5 /* ZephyrCookbookTests.swift in Sources */,
			);
			runOnlyForDeploymentPostprocessing = 0;
		};
		85D4E9651DA9E9420098B2C5 /* Sources */ = {
			isa = PBXSourcesBuildPhase;
			buildActionMask = 2147483647;
			files = (
				85D4E96E1DA9E9420098B2C5 /* ZephyrCookbookUITests.swift in Sources */,
			);
			runOnlyForDeploymentPostprocessing = 0;
		};
/* End PBXSourcesBuildPhase section */

/* Begin PBXTargetDependency section */
		85D4E9601DA9E9420098B2C5 /* PBXTargetDependency */ = {
			isa = PBXTargetDependency;
			target = 85D4E9491DA9E9420098B2C5 /* ZephyrCookbook */;
			targetProxy = 85D4E95F1DA9E9420098B2C5 /* PBXContainerItemProxy */;
		};
		85D4E96B1DA9E9420098B2C5 /* PBXTargetDependency */ = {
			isa = PBXTargetDependency;
			target = 85D4E9491DA9E9420098B2C5 /* ZephyrCookbook */;
			targetProxy = 85D4E96A1DA9E9420098B2C5 /* PBXContainerItemProxy */;
		};
/* End PBXTargetDependency section */

/* Begin PBXVariantGroup section */
		85D4E9561DA9E9420098B2C5 /* LaunchScreen.storyboard */ = {
			isa = PBXVariantGroup;
			children = (
				85D4E9571DA9E9420098B2C5 /* Base */,
			);
			name = LaunchScreen.storyboard;
			sourceTree = "<group>";
		};
/* End PBXVariantGroup section */

/* Begin XCBuildConfiguration section */
		85D4E9701DA9E9420098B2C5 /* Debug */ = {
			isa = XCBuildConfiguration;
			buildSettings = {
				ALWAYS_SEARCH_USER_PATHS = NO;
				CLANG_ANALYZER_NONNULL = YES;
				CLANG_CXX_LANGUAGE_STANDARD = "gnu++0x";
				CLANG_CXX_LIBRARY = "libc++";
				CLANG_ENABLE_MODULES = YES;
				CLANG_ENABLE_OBJC_ARC = YES;
				CLANG_WARN_BOOL_CONVERSION = YES;
				CLANG_WARN_CONSTANT_CONVERSION = YES;
				CLANG_WARN_DIRECT_OBJC_ISA_USAGE = YES_ERROR;
				CLANG_WARN_DOCUMENTATION_COMMENTS = YES;
				CLANG_WARN_EMPTY_BODY = YES;
				CLANG_WARN_ENUM_CONVERSION = YES;
				CLANG_WARN_INFINITE_RECURSION = YES;
				CLANG_WARN_INT_CONVERSION = YES;
				CLANG_WARN_OBJC_ROOT_CLASS = YES_ERROR;
				CLANG_WARN_SUSPICIOUS_MOVES = YES;
				CLANG_WARN_UNREACHABLE_CODE = YES;
				CLANG_WARN__DUPLICATE_METHOD_MATCH = YES;
				"CODE_SIGN_IDENTITY[sdk=iphoneos*]" = "iPhone Developer";
				COPY_PHASE_STRIP = NO;
				DEBUG_INFORMATION_FORMAT = dwarf;
				ENABLE_STRICT_OBJC_MSGSEND = YES;
				ENABLE_TESTABILITY = YES;
				GCC_C_LANGUAGE_STANDARD = gnu99;
				GCC_DYNAMIC_NO_PIC = NO;
				GCC_NO_COMMON_BLOCKS = YES;
				GCC_OPTIMIZATION_LEVEL = 0;
				GCC_PREPROCESSOR_DEFINITIONS = (
					"DEBUG=1",
					"$(inherited)",
				);
				GCC_WARN_64_TO_32_BIT_CONVERSION = YES;
				GCC_WARN_ABOUT_RETURN_TYPE = YES_ERROR;
				GCC_WARN_UNDECLARED_SELECTOR = YES;
				GCC_WARN_UNINITIALIZED_AUTOS = YES_AGGRESSIVE;
				GCC_WARN_UNUSED_FUNCTION = YES;
				GCC_WARN_UNUSED_VARIABLE = YES;
				IPHONEOS_DEPLOYMENT_TARGET = 10.0;
				MTL_ENABLE_DEBUG_INFO = YES;
				ONLY_ACTIVE_ARCH = YES;
				SDKROOT = iphoneos;
				SWIFT_ACTIVE_COMPILATION_CONDITIONS = DEBUG;
				SWIFT_OPTIMIZATION_LEVEL = "-Onone";
				TARGETED_DEVICE_FAMILY = "1,2";
			};
			name = Debug;
		};
		85D4E9711DA9E9420098B2C5 /* Release */ = {
			isa = XCBuildConfiguration;
			buildSettings = {
				ALWAYS_SEARCH_USER_PATHS = NO;
				CLANG_ANALYZER_NONNULL = YES;
				CLANG_CXX_LANGUAGE_STANDARD = "gnu++0x";
				CLANG_CXX_LIBRARY = "libc++";
				CLANG_ENABLE_MODULES = YES;
				CLANG_ENABLE_OBJC_ARC = YES;
				CLANG_WARN_BOOL_CONVERSION = YES;
				CLANG_WARN_CONSTANT_CONVERSION = YES;
				CLANG_WARN_DIRECT_OBJC_ISA_USAGE = YES_ERROR;
				CLANG_WARN_DOCUMENTATION_COMMENTS = YES;
				CLANG_WARN_EMPTY_BODY = YES;
				CLANG_WARN_ENUM_CONVERSION = YES;
				CLANG_WARN_INFINITE_RECURSION = YES;
				CLANG_WARN_INT_CONVERSION = YES;
				CLANG_WARN_OBJC_ROOT_CLASS = YES_ERROR;
				CLANG_WARN_SUSPICIOUS_MOVES = YES;
				CLANG_WARN_UNREACHABLE_CODE = YES;
				CLANG_WARN__DUPLICATE_METHOD_MATCH = YES;
				"CODE_SIGN_IDENTITY[sdk=iphoneos*]" = "iPhone Developer";
				COPY_PHASE_STRIP = NO;
				DEBUG_INFORMATION_FORMAT = "dwarf-with-dsym";
				ENABLE_NS_ASSERTIONS = NO;
				ENABLE_STRICT_OBJC_MSGSEND = YES;
				GCC_C_LANGUAGE_STANDARD = gnu99;
				GCC_NO_COMMON_BLOCKS = YES;
				GCC_WARN_64_TO_32_BIT_CONVERSION = YES;
				GCC_WARN_ABOUT_RETURN_TYPE = YES_ERROR;
				GCC_WARN_UNDECLARED_SELECTOR = YES;
				GCC_WARN_UNINITIALIZED_AUTOS = YES_AGGRESSIVE;
				GCC_WARN_UNUSED_FUNCTION = YES;
				GCC_WARN_UNUSED_VARIABLE = YES;
				IPHONEOS_DEPLOYMENT_TARGET = 10.0;
				MTL_ENABLE_DEBUG_INFO = NO;
				SDKROOT = iphoneos;
				SWIFT_OPTIMIZATION_LEVEL = "-Owholemodule";
				TARGETED_DEVICE_FAMILY = "1,2";
				VALIDATE_PRODUCT = YES;
			};
			name = Release;
		};
		85D4E9731DA9E9420098B2C5 /* Debug */ = {
			isa = XCBuildConfiguration;
			baseConfigurationReference = C24600A4C63B09C14F2A71D5 /* Pods-ZephyrCookbook.debug.xcconfig */;
			buildSettings = {
				ASSETCATALOG_COMPILER_APPICON_NAME = AppIcon;
				ASSETCATALOG_COMPILER_LAUNCHIMAGE_NAME = LaunchImage;
				DEVELOPMENT_TEAM = L8U2X9926F;
				INFOPLIST_FILE = ZephyrCookbook/Info.plist;
				LD_RUNPATH_SEARCH_PATHS = "$(inherited) @executable_path/Frameworks";
				OTHER_SWIFT_FLAGS = "-D DEBUG";
				PRODUCT_BUNDLE_IDENTIFIER = Zephyr.ZephyrCookbook;
				PRODUCT_NAME = "$(TARGET_NAME)";
				SWIFT_VERSION = 3.0;
			};
			name = Debug;
		};
		85D4E9741DA9E9420098B2C5 /* Release */ = {
			isa = XCBuildConfiguration;
			baseConfigurationReference = B234065BDA11F59FCEE75769 /* Pods-ZephyrCookbook.release.xcconfig */;
			buildSettings = {
				ASSETCATALOG_COMPILER_APPICON_NAME = AppIcon;
				ASSETCATALOG_COMPILER_LAUNCHIMAGE_NAME = LaunchImage;
				DEVELOPMENT_TEAM = L8U2X9926F;
				INFOPLIST_FILE = ZephyrCookbook/Info.plist;
				LD_RUNPATH_SEARCH_PATHS = "$(inherited) @executable_path/Frameworks";
				OTHER_SWIFT_FLAGS = "-D DEBUG";
				PRODUCT_BUNDLE_IDENTIFIER = Zephyr.ZephyrCookbook;
				PRODUCT_NAME = "$(TARGET_NAME)";
				SWIFT_VERSION = 3.0;
			};
			name = Release;
		};
		85D4E9761DA9E9420098B2C5 /* Debug */ = {
			isa = XCBuildConfiguration;
			baseConfigurationReference = 1FF27C3DFFCA6C7B5CBB9E80 /* Pods-ZephyrCookbookTests.debug.xcconfig */;
			buildSettings = {
				ALWAYS_EMBED_SWIFT_STANDARD_LIBRARIES = YES;
				BUNDLE_LOADER = "$(TEST_HOST)";
				DEVELOPMENT_TEAM = L8U2X9926F;
				INFOPLIST_FILE = ZephyrCookbookTests/Info.plist;
				LD_RUNPATH_SEARCH_PATHS = "$(inherited) @executable_path/Frameworks @loader_path/Frameworks";
				PRODUCT_BUNDLE_IDENTIFIER = Zephyr.ZephyrCookbookTests;
				PRODUCT_NAME = "$(TARGET_NAME)";
				SWIFT_VERSION = 3.0;
				TEST_HOST = "$(BUILT_PRODUCTS_DIR)/ZephyrCookbook.app/ZephyrCookbook";
			};
			name = Debug;
		};
		85D4E9771DA9E9420098B2C5 /* Release */ = {
			isa = XCBuildConfiguration;
			baseConfigurationReference = A1CFAB8B235186BB2FEAAB16 /* Pods-ZephyrCookbookTests.release.xcconfig */;
			buildSettings = {
				ALWAYS_EMBED_SWIFT_STANDARD_LIBRARIES = YES;
				BUNDLE_LOADER = "$(TEST_HOST)";
				DEVELOPMENT_TEAM = L8U2X9926F;
				INFOPLIST_FILE = ZephyrCookbookTests/Info.plist;
				LD_RUNPATH_SEARCH_PATHS = "$(inherited) @executable_path/Frameworks @loader_path/Frameworks";
				PRODUCT_BUNDLE_IDENTIFIER = Zephyr.ZephyrCookbookTests;
				PRODUCT_NAME = "$(TARGET_NAME)";
				SWIFT_VERSION = 3.0;
				TEST_HOST = "$(BUILT_PRODUCTS_DIR)/ZephyrCookbook.app/ZephyrCookbook";
			};
			name = Release;
		};
		85D4E9791DA9E9420098B2C5 /* Debug */ = {
			isa = XCBuildConfiguration;
			baseConfigurationReference = 80F0DDDF182FFE6D227E5C2C /* Pods-ZephyrCookbookUITests.debug.xcconfig */;
			buildSettings = {
				ALWAYS_EMBED_SWIFT_STANDARD_LIBRARIES = YES;
				DEVELOPMENT_TEAM = L8U2X9926F;
				INFOPLIST_FILE = ZephyrCookbookUITests/Info.plist;
				LD_RUNPATH_SEARCH_PATHS = "$(inherited) @executable_path/Frameworks @loader_path/Frameworks";
				PRODUCT_BUNDLE_IDENTIFIER = Zephyr.ZephyrCookbookUITests;
				PRODUCT_NAME = "$(TARGET_NAME)";
				SWIFT_VERSION = 3.0;
				TEST_TARGET_NAME = ZephyrCookbook;
			};
			name = Debug;
		};
		85D4E97A1DA9E9420098B2C5 /* Release */ = {
			isa = XCBuildConfiguration;
			baseConfigurationReference = 0542FA2FEB34CF843958596F /* Pods-ZephyrCookbookUITests.release.xcconfig */;
			buildSettings = {
				ALWAYS_EMBED_SWIFT_STANDARD_LIBRARIES = YES;
				DEVELOPMENT_TEAM = L8U2X9926F;
				INFOPLIST_FILE = ZephyrCookbookUITests/Info.plist;
				LD_RUNPATH_SEARCH_PATHS = "$(inherited) @executable_path/Frameworks @loader_path/Frameworks";
				PRODUCT_BUNDLE_IDENTIFIER = Zephyr.ZephyrCookbookUITests;
				PRODUCT_NAME = "$(TARGET_NAME)";
				SWIFT_VERSION = 3.0;
				TEST_TARGET_NAME = ZephyrCookbook;
			};
			name = Release;
		};
/* End XCBuildConfiguration section */

/* Begin XCConfigurationList section */
		85D4E9451DA9E9420098B2C5 /* Build configuration list for PBXProject "ZephyrCookbook" */ = {
			isa = XCConfigurationList;
			buildConfigurations = (
				85D4E9701DA9E9420098B2C5 /* Debug */,
				85D4E9711DA9E9420098B2C5 /* Release */,
			);
			defaultConfigurationIsVisible = 0;
			defaultConfigurationName = Release;
		};
		85D4E9721DA9E9420098B2C5 /* Build configuration list for PBXNativeTarget "ZephyrCookbook" */ = {
			isa = XCConfigurationList;
			buildConfigurations = (
				85D4E9731DA9E9420098B2C5 /* Debug */,
				85D4E9741DA9E9420098B2C5 /* Release */,
			);
			defaultConfigurationIsVisible = 0;
			defaultConfigurationName = Release;
		};
		85D4E9751DA9E9420098B2C5 /* Build configuration list for PBXNativeTarget "ZephyrCookbookTests" */ = {
			isa = XCConfigurationList;
			buildConfigurations = (
				85D4E9761DA9E9420098B2C5 /* Debug */,
				85D4E9771DA9E9420098B2C5 /* Release */,
			);
			defaultConfigurationIsVisible = 0;
			defaultConfigurationName = Release;
		};
		85D4E9781DA9E9420098B2C5 /* Build configuration list for PBXNativeTarget "ZephyrCookbookUITests" */ = {
			isa = XCConfigurationList;
			buildConfigurations = (
				85D4E9791DA9E9420098B2C5 /* Debug */,
				85D4E97A1DA9E9420098B2C5 /* Release */,
			);
			defaultConfigurationIsVisible = 0;
			defaultConfigurationName = Release;
		};
/* End XCConfigurationList section */
	};
	rootObject = 85D4E9421DA9E9420098B2C5 /* Project object */;
}
